
Microsoft Visual Studio Solution File, Format Version 12.00
# Visual Studio Version 17
VisualStudioVersion = 17.2.32630.192
MinimumVisualStudioVersion = 10.0.40219.1
Project("{FAE04EC0-301F-11D3-BF4B-00C04F79EFBC}") = "Kompozyt", "Kompozyt.csproj", "{FE3EAE07-3546-4D83-AE90-0FAC2CB7A8B9}"
EndProject
Global
	GlobalSection(SolutionConfigurationPlatforms) = preSolution
		Debug|Any CPU = Debug|Any CPU
		Release|Any CPU = Release|Any CPU
	EndGlobalSection
	GlobalSection(ProjectConfigurationPlatforms) = postSolution
		{FE3EAE07-3546-4D83-AE90-0FAC2CB7A8B9}.Debug|Any CPU.ActiveCfg = Debug|Any CPU
		{FE3EAE07-3546-4D83-AE90-0FAC2CB7A8B9}.Debug|Any CPU.Build.0 = Debug|Any CPU
		{FE3EAE07-3546-4D83-AE90-0FAC2CB7A8B9}.Release|Any CPU.ActiveCfg = Release|Any CPU
		{FE3EAE07-3546-4D83-AE90-0FAC2CB7A8B9}.Release|Any CPU.Build.0 = Release|Any CPU
	EndGlobalSection
	GlobalSection(SolutionProperties) = preSolution
		HideSolutionNode = FALSE
	EndGlobalSection
	GlobalSection(ExtensibilityGlobals) = postSolution
		SolutionGuid = {9B63435A-B9C7-4587-98A6-4D7875F6BBF9}
	EndGlobalSection
EndGlobal
